// !$*UTF8*$!
{
	archiveVersion = 1;
	classes = {
	};
	objectVersion = 55;
	objects = {

/* Begin PBXBuildFile section */
		8B00CB6928C0D8D2003250E8 /* AppDelegate.swift in Sources */ = {isa = PBXBuildFile; fileRef = 8B00CB6828C0D8D2003250E8 /* AppDelegate.swift */; };
		8B00CB6D28C0D8D2003250E8 /* FeedViewController.swift in Sources */ = {isa = PBXBuildFile; fileRef = 8B00CB6C28C0D8D2003250E8 /* FeedViewController.swift */; };
		8B00CB7228C0D8D2003250E8 /* Assets.xcassets in Resources */ = {isa = PBXBuildFile; fileRef = 8B00CB7128C0D8D2003250E8 /* Assets.xcassets */; };
		8B00CB7528C0D8D2003250E8 /* LaunchScreen.storyboard in Resources */ = {isa = PBXBuildFile; fileRef = 8B00CB7328C0D8D2003250E8 /* LaunchScreen.storyboard */; };
		8B00CB7E28C0DDD4003250E8 /* HeaderView.swift in Sources */ = {isa = PBXBuildFile; fileRef = 8B00CB7D28C0DDD4003250E8 /* HeaderView.swift */; };
		8B00CB8328C0F1CF003250E8 /* ImageCell.swift in Sources */ = {isa = PBXBuildFile; fileRef = 8B00CB8228C0F1CF003250E8 /* ImageCell.swift */; };
		8B00CB8628C0F542003250E8 /* UIView.swift in Sources */ = {isa = PBXBuildFile; fileRef = 8B00CB8528C0F542003250E8 /* UIView.swift */; };
		8B00CB8828C101D8003250E8 /* Tile.swift in Sources */ = {isa = PBXBuildFile; fileRef = 8B00CB8728C101D8003250E8 /* Tile.swift */; };
		8B00CB8B28C12860003250E8 /* ImageDetailViewController.swift in Sources */ = {isa = PBXBuildFile; fileRef = 8B00CB8A28C12860003250E8 /* ImageDetailViewController.swift */; };
		8B00CB8D28C12F17003250E8 /* HeadlineView.swift in Sources */ = {isa = PBXBuildFile; fileRef = 8B00CB8C28C12F17003250E8 /* HeadlineView.swift */; };
		8B00CB8F28C1343C003250E8 /* SublineView.swift in Sources */ = {isa = PBXBuildFile; fileRef = 8B00CB8E28C1343C003250E8 /* SublineView.swift */; };
/* End PBXBuildFile section */

/* Begin PBXFileReference section */
		8B00CB6528C0D8D1003250E8 /* Feed.app */ = {isa = PBXFileReference; explicitFileType = wrapper.application; includeInIndex = 0; path = Feed.app; sourceTree = BUILT_PRODUCTS_DIR; };
		8B00CB6828C0D8D2003250E8 /* AppDelegate.swift */ = {isa = PBXFileReference; lastKnownFileType = sourcecode.swift; path = AppDelegate.swift; sourceTree = "<group>"; };
		8B00CB6C28C0D8D2003250E8 /* FeedViewController.swift */ = {isa = PBXFileReference; lastKnownFileType = sourcecode.swift; path = FeedViewController.swift; sourceTree = "<group>"; };
		8B00CB7128C0D8D2003250E8 /* Assets.xcassets */ = {isa = PBXFileReference; lastKnownFileType = folder.assetcatalog; path = Assets.xcassets; sourceTree = "<group>"; };
		8B00CB7428C0D8D2003250E8 /* Base */ = {isa = PBXFileReference; lastKnownFileType = file.storyboard; name = Base; path = Base.lproj/LaunchScreen.storyboard; sourceTree = "<group>"; };
		8B00CB7628C0D8D2003250E8 /* Info.plist */ = {isa = PBXFileReference; lastKnownFileType = text.plist.xml; path = Info.plist; sourceTree = "<group>"; };
		8B00CB7D28C0DDD4003250E8 /* HeaderView.swift */ = {isa = PBXFileReference; lastKnownFileType = sourcecode.swift; path = HeaderView.swift; sourceTree = "<group>"; };
		8B00CB8228C0F1CF003250E8 /* ImageCell.swift */ = {isa = PBXFileReference; lastKnownFileType = sourcecode.swift; path = ImageCell.swift; sourceTree = "<group>"; };
		8B00CB8528C0F542003250E8 /* UIView.swift */ = {isa = PBXFileReference; lastKnownFileType = sourcecode.swift; path = UIView.swift; sourceTree = "<group>"; };
		8B00CB8728C101D8003250E8 /* Tile.swift */ = {isa = PBXFileReference; lastKnownFileType = sourcecode.swift; path = Tile.swift; sourceTree = "<group>"; };
		8B00CB8A28C12860003250E8 /* ImageDetailViewController.swift */ = {isa = PBXFileReference; lastKnownFileType = sourcecode.swift; path = ImageDetailViewController.swift; sourceTree = "<group>"; };
		8B00CB8C28C12F17003250E8 /* HeadlineView.swift */ = {isa = PBXFileReference; lastKnownFileType = sourcecode.swift; path = HeadlineView.swift; sourceTree = "<group>"; };
		8B00CB8E28C1343C003250E8 /* SublineView.swift */ = {isa = PBXFileReference; lastKnownFileType = sourcecode.swift; path = SublineView.swift; sourceTree = "<group>"; };
/* End PBXFileReference section */

/* Begin PBXFrameworksBuildPhase section */
		8B00CB6228C0D8D1003250E8 /* Frameworks */ = {
			isa = PBXFrameworksBuildPhase;
			buildActionMask = 2147483647;
			files = (
			);
			runOnlyForDeploymentPostprocessing = 0;
		};
/* End PBXFrameworksBuildPhase section */

/* Begin PBXGroup section */
		8B00CB5C28C0D8D1003250E8 = {
			isa = PBXGroup;
			children = (
				8B00CB6728C0D8D1003250E8 /* Feed */,
				8B00CB6628C0D8D1003250E8 /* Products */,
			);
			sourceTree = "<group>";
		};
		8B00CB6628C0D8D1003250E8 /* Products */ = {
			isa = PBXGroup;
			children = (
				8B00CB6528C0D8D1003250E8 /* Feed.app */,
			);
			name = Products;
			sourceTree = "<group>";
		};
		8B00CB6728C0D8D1003250E8 /* Feed */ = {
			isa = PBXGroup;
			children = (
				8B00CB8428C0F530003250E8 /* Extensions */,
				8B00CB7F28C0DFE3003250E8 /* Support FIles */,
				8B00CB8128C0F0BC003250E8 /* Cells */,
				8B00CB8928C101DB003250E8 /* Model */,
				8B00CB7C28C0DDBE003250E8 /* Views */,
				8B00CB8028C0DFFB003250E8 /* Controllers */,
				8B00CB7628C0D8D2003250E8 /* Info.plist */,
			);
			path = Feed;
			sourceTree = "<group>";
		};
		8B00CB7C28C0DDBE003250E8 /* Views */ = {
			isa = PBXGroup;
			children = (
				8B00CB7D28C0DDD4003250E8 /* HeaderView.swift */,
				8B00CB8C28C12F17003250E8 /* HeadlineView.swift */,
				8B00CB8E28C1343C003250E8 /* SublineView.swift */,
			);
			path = Views;
			sourceTree = "<group>";
		};
		8B00CB7F28C0DFE3003250E8 /* Support FIles */ = {
			isa = PBXGroup;
			children = (
				8B00CB6828C0D8D2003250E8 /* AppDelegate.swift */,
				8B00CB7128C0D8D2003250E8 /* Assets.xcassets */,
				8B00CB7328C0D8D2003250E8 /* LaunchScreen.storyboard */,
			);
			path = "Support FIles";
			sourceTree = "<group>";
		};
		8B00CB8028C0DFFB003250E8 /* Controllers */ = {
			isa = PBXGroup;
			children = (
				8B00CB6C28C0D8D2003250E8 /* FeedViewController.swift */,
				8B00CB8A28C12860003250E8 /* ImageDetailViewController.swift */,
			);
			path = Controllers;
			sourceTree = "<group>";
		};
		8B00CB8128C0F0BC003250E8 /* Cells */ = {
			isa = PBXGroup;
			children = (
				8B00CB8228C0F1CF003250E8 /* ImageCell.swift */,
			);
			path = Cells;
			sourceTree = "<group>";
		};
		8B00CB8428C0F530003250E8 /* Extensions */ = {
			isa = PBXGroup;
			children = (
				8B00CB8528C0F542003250E8 /* UIView.swift */,
			);
			path = Extensions;
			sourceTree = "<group>";
		};
		8B00CB8928C101DB003250E8 /* Model */ = {
			isa = PBXGroup;
			children = (
				8B00CB8728C101D8003250E8 /* Tile.swift */,
			);
			path = Model;
			sourceTree = "<group>";
		};
/* End PBXGroup section */

/* Begin PBXNativeTarget section */
		8B00CB6428C0D8D1003250E8 /* Feed */ = {
			isa = PBXNativeTarget;
			buildConfigurationList = 8B00CB7928C0D8D2003250E8 /* Build configuration list for PBXNativeTarget "Feed" */;
			buildPhases = (
				8B00CB6128C0D8D1003250E8 /* Sources */,
				8B00CB6228C0D8D1003250E8 /* Frameworks */,
				8B00CB6328C0D8D1003250E8 /* Resources */,
			);
			buildRules = (
			);
			dependencies = (
			);
			name = Feed;
			productName = Feed;
			productReference = 8B00CB6528C0D8D1003250E8 /* Feed.app */;
			productType = "com.apple.product-type.application";
		};
/* End PBXNativeTarget section */

/* Begin PBXProject section */
		8B00CB5D28C0D8D1003250E8 /* Project object */ = {
			isa = PBXProject;
			attributes = {
				BuildIndependentTargetsInParallel = 1;
				LastSwiftUpdateCheck = 1340;
				LastUpgradeCheck = 1340;
				TargetAttributes = {
					8B00CB6428C0D8D1003250E8 = {
						CreatedOnToolsVersion = 13.4.1;
					};
				};
			};
			buildConfigurationList = 8B00CB6028C0D8D1003250E8 /* Build configuration list for PBXProject "Feed" */;
			compatibilityVersion = "Xcode 13.0";
			developmentRegion = en;
			hasScannedForEncodings = 0;
			knownRegions = (
				en,
				Base,
			);
			mainGroup = 8B00CB5C28C0D8D1003250E8;
			productRefGroup = 8B00CB6628C0D8D1003250E8 /* Products */;
			projectDirPath = "";
			projectRoot = "";
			targets = (
				8B00CB6428C0D8D1003250E8 /* Feed */,
			);
		};
/* End PBXProject section */

/* Begin PBXResourcesBuildPhase section */
		8B00CB6328C0D8D1003250E8 /* Resources */ = {
			isa = PBXResourcesBuildPhase;
			buildActionMask = 2147483647;
			files = (
				8B00CB7528C0D8D2003250E8 /* LaunchScreen.storyboard in Resources */,
				8B00CB7228C0D8D2003250E8 /* Assets.xcassets in Resources */,
			);
			runOnlyForDeploymentPostprocessing = 0;
		};
/* End PBXResourcesBuildPhase section */

/* Begin PBXSourcesBuildPhase section */
		8B00CB6128C0D8D1003250E8 /* Sources */ = {
			isa = PBXSourcesBuildPhase;
			buildActionMask = 2147483647;
			files = (
				8B00CB8628C0F542003250E8 /* UIView.swift in Sources */,
				8B00CB6D28C0D8D2003250E8 /* FeedViewController.swift in Sources */,
				8B00CB8D28C12F17003250E8 /* HeadlineView.swift in Sources */,
				8B00CB8F28C1343C003250E8 /* SublineView.swift in Sources */,
				8B00CB8B28C12860003250E8 /* ImageDetailViewController.swift in Sources */,
				8B00CB8328C0F1CF003250E8 /* ImageCell.swift in Sources */,
				8B00CB8828C101D8003250E8 /* Tile.swift in Sources */,
				8B00CB7E28C0DDD4003250E8 /* HeaderView.swift in Sources */,
				8B00CB6928C0D8D2003250E8 /* AppDelegate.swift in Sources */,
			);
			runOnlyForDeploymentPostprocessing = 0;
		};
/* End PBXSourcesBuildPhase section */

/* Begin PBXVariantGroup section */
		8B00CB7328C0D8D2003250E8 /* LaunchScreen.storyboard */ = {
			isa = PBXVariantGroup;
			children = (
				8B00CB7428C0D8D2003250E8 /* Base */,
			);
			name = LaunchScreen.storyboard;
			sourceTree = "<group>";
		};
/* End PBXVariantGroup section */

/* Begin XCBuildConfiguration section */
		8B00CB7728C0D8D2003250E8 /* Debug */ = {
			isa = XCBuildConfiguration;
			buildSettings = {
				ALWAYS_SEARCH_USER_PATHS = NO;
				CLANG_ANALYZER_NONNULL = YES;
				CLANG_ANALYZER_NUMBER_OBJECT_CONVERSION = YES_AGGRESSIVE;
				CLANG_CXX_LANGUAGE_STANDARD = "gnu++17";
				CLANG_ENABLE_MODULES = YES;
				CLANG_ENABLE_OBJC_ARC = YES;
				CLANG_ENABLE_OBJC_WEAK = YES;
				CLANG_WARN_BLOCK_CAPTURE_AUTORELEASING = YES;
				CLANG_WARN_BOOL_CONVERSION = YES;
				CLANG_WARN_COMMA = YES;
				CLANG_WARN_CONSTANT_CONVERSION = YES;
				CLANG_WARN_DEPRECATED_OBJC_IMPLEMENTATIONS = YES;
				CLANG_WARN_DIRECT_OBJC_ISA_USAGE = YES_ERROR;
				CLANG_WARN_DOCUMENTATION_COMMENTS = YES;
				CLANG_WARN_EMPTY_BODY = YES;
				CLANG_WARN_ENUM_CONVERSION = YES;
				CLANG_WARN_INFINITE_RECURSION = YES;
				CLANG_WARN_INT_CONVERSION = YES;
				CLANG_WARN_NON_LITERAL_NULL_CONVERSION = YES;
				CLANG_WARN_OBJC_IMPLICIT_RETAIN_SELF = YES;
				CLANG_WARN_OBJC_LITERAL_CONVERSION = YES;
				CLANG_WARN_OBJC_ROOT_CLASS = YES_ERROR;
				CLANG_WARN_QUOTED_INCLUDE_IN_FRAMEWORK_HEADER = YES;
				CLANG_WARN_RANGE_LOOP_ANALYSIS = YES;
				CLANG_WARN_STRICT_PROTOTYPES = YES;
				CLANG_WARN_SUSPICIOUS_MOVE = YES;
				CLANG_WARN_UNGUARDED_AVAILABILITY = YES_AGGRESSIVE;
				CLANG_WARN_UNREACHABLE_CODE = YES;
				CLANG_WARN__DUPLICATE_METHOD_MATCH = YES;
				COPY_PHASE_STRIP = NO;
				DEBUG_INFORMATION_FORMAT = dwarf;
				ENABLE_STRICT_OBJC_MSGSEND = YES;
				ENABLE_TESTABILITY = YES;
				GCC_C_LANGUAGE_STANDARD = gnu11;
				GCC_DYNAMIC_NO_PIC = NO;
				GCC_NO_COMMON_BLOCKS = YES;
				GCC_OPTIMIZATION_LEVEL = 0;
				GCC_PREPROCESSOR_DEFINITIONS = (
					"DEBUG=1",
					"$(inherited)",
				);
				GCC_WARN_64_TO_32_BIT_CONVERSION = YES;
				GCC_WARN_ABOUT_RETURN_TYPE = YES_ERROR;
				GCC_WARN_UNDECLARED_SELECTOR = YES;
				GCC_WARN_UNINITIALIZED_AUTOS = YES_AGGRESSIVE;
				GCC_WARN_UNUSED_FUNCTION = YES;
				GCC_WARN_UNUSED_VARIABLE = YES;
				IPHONEOS_DEPLOYMENT_TARGET = 15.5;
				MTL_ENABLE_DEBUG_INFO = INCLUDE_SOURCE;
				MTL_FAST_MATH = YES;
				ONLY_ACTIVE_ARCH = YES;
				SDKROOT = iphoneos;
				SWIFT_ACTIVE_COMPILATION_CONDITIONS = DEBUG;
				SWIFT_OPTIMIZATION_LEVEL = "-Onone";
			};
			name = Debug;
		};
		8B00CB7828C0D8D2003250E8 /* Release */ = {
			isa = XCBuildConfiguration;
			buildSettings = {
				ALWAYS_SEARCH_USER_PATHS = NO;
				CLANG_ANALYZER_NONNULL = YES;
				CLANG_ANALYZER_NUMBER_OBJECT_CONVERSION = YES_AGGRESSIVE;
				CLANG_CXX_LANGUAGE_STANDARD = "gnu++17";
				CLANG_ENABLE_MODULES = YES;
				CLANG_ENABLE_OBJC_ARC = YES;
				CLANG_ENABLE_OBJC_WEAK = YES;
				CLANG_WARN_BLOCK_CAPTURE_AUTORELEASING = YES;
				CLANG_WARN_BOOL_CONVERSION = YES;
				CLANG_WARN_COMMA = YES;
				CLANG_WARN_CONSTANT_CONVERSION = YES;
				CLANG_WARN_DEPRECATED_OBJC_IMPLEMENTATIONS = YES;
				CLANG_WARN_DIRECT_OBJC_ISA_USAGE = YES_ERROR;
				CLANG_WARN_DOCUMENTATION_COMMENTS = YES;
				CLANG_WARN_EMPTY_BODY = YES;
				CLANG_WARN_ENUM_CONVERSION = YES;
				CLANG_WARN_INFINITE_RECURSION = YES;
				CLANG_WARN_INT_CONVERSION = YES;
				CLANG_WARN_NON_LITERAL_NULL_CONVERSION = YES;
				CLANG_WARN_OBJC_IMPLICIT_RETAIN_SELF = YES;
				CLANG_WARN_OBJC_LITERAL_CONVERSION = YES;
				CLANG_WARN_OBJC_ROOT_CLASS = YES_ERROR;
				CLANG_WARN_QUOTED_INCLUDE_IN_FRAMEWORK_HEADER = YES;
				CLANG_WARN_RANGE_LOOP_ANALYSIS = YES;
				CLANG_WARN_STRICT_PROTOTYPES = YES;
				CLANG_WARN_SUSPICIOUS_MOVE = YES;
				CLANG_WARN_UNGUARDED_AVAILABILITY = YES_AGGRESSIVE;
				CLANG_WARN_UNREACHABLE_CODE = YES;
				CLANG_WARN__DUPLICATE_METHOD_MATCH = YES;
				COPY_PHASE_STRIP = NO;
				DEBUG_INFORMATION_FORMAT = "dwarf-with-dsym";
				ENABLE_NS_ASSERTIONS = NO;
				ENABLE_STRICT_OBJC_MSGSEND = YES;
				GCC_C_LANGUAGE_STANDARD = gnu11;
				GCC_NO_COMMON_BLOCKS = YES;
				GCC_WARN_64_TO_32_BIT_CONVERSION = YES;
				GCC_WARN_ABOUT_RETURN_TYPE = YES_ERROR;
				GCC_WARN_UNDECLARED_SELECTOR = YES;
				GCC_WARN_UNINITIALIZED_AUTOS = YES_AGGRESSIVE;
				GCC_WARN_UNUSED_FUNCTION = YES;
				GCC_WARN_UNUSED_VARIABLE = YES;
				IPHONEOS_DEPLOYMENT_TARGET = 15.5;
				MTL_ENABLE_DEBUG_INFO = NO;
				MTL_FAST_MATH = YES;
				SDKROOT = iphoneos;
				SWIFT_COMPILATION_MODE = wholemodule;
				SWIFT_OPTIMIZATION_LEVEL = "-O";
				VALIDATE_PRODUCT = YES;
			};
			name = Release;
		};
		8B00CB7A28C0D8D2003250E8 /* Debug */ = {
			isa = XCBuildConfiguration;
			buildSettings = {
				ASSETCATALOG_COMPILER_APPICON_NAME = AppIcon;
				ASSETCATALOG_COMPILER_GLOBAL_ACCENT_COLOR_NAME = AccentColor;
				CODE_SIGN_STYLE = Automatic;
				CURRENT_PROJECT_VERSION = 1;
				DEVELOPMENT_TEAM = PG3SA42QKT;
				GENERATE_INFOPLIST_FILE = YES;
				INFOPLIST_FILE = Feed/Info.plist;
				INFOPLIST_KEY_UIApplicationSupportsIndirectInputEvents = YES;
				INFOPLIST_KEY_UILaunchStoryboardName = LaunchScreen;
				INFOPLIST_KEY_UISupportedInterfaceOrientations_iPad = "UIInterfaceOrientationPortrait UIInterfaceOrientationPortraitUpsideDown UIInterfaceOrientationLandscapeLeft UIInterfaceOrientationLandscapeRight";
				INFOPLIST_KEY_UISupportedInterfaceOrientations_iPhone = "UIInterfaceOrientationPortrait UIInterfaceOrientationLandscapeLeft UIInterfaceOrientationLandscapeRight";
				LD_RUNPATH_SEARCH_PATHS = (
					"$(inherited)",
					"@executable_path/Frameworks",
				);
				MARKETING_VERSION = 1.0;
				PRODUCT_BUNDLE_IDENTIFIER = com.poddubotskiy.Feed;
				PRODUCT_NAME = "$(TARGET_NAME)";
				SWIFT_EMIT_LOC_STRINGS = YES;
				SWIFT_VERSION = 5.0;
				TARGETED_DEVICE_FAMILY = "1,2";
			};
			name = Debug;
		};
		8B00CB7B28C0D8D2003250E8 /* Release */ = {
			isa = XCBuildConfiguration;
			buildSettings = {
				ASSETCATALOG_COMPILER_APPICON_NAME = AppIcon;
				ASSETCATALOG_COMPILER_GLOBAL_ACCENT_COLOR_NAME = AccentColor;
				CODE_SIGN_STYLE = Automatic;
				CURRENT_PROJECT_VERSION = 1;
				DEVELOPMENT_TEAM = PG3SA42QKT;
				GENERATE_INFOPLIST_FILE = YES;
				INFOPLIST_FILE = Feed/Info.plist;
				INFOPLIST_KEY_UIApplicationSupportsIndirectInputEvents = YES;
				INFOPLIST_KEY_UILaunchStoryboardName = LaunchScreen;
				INFOPLIST_KEY_UISupportedInterfaceOrientations_iPad = "UIInterfaceOrientationPortrait UIInterfaceOrientationPortraitUpsideDown UIInterfaceOrientationLandscapeLeft UIInterfaceOrientationLandscapeRight";
				INFOPLIST_KEY_UISupportedInterfaceOrientations_iPhone = "UIInterfaceOrientationPortrait UIInterfaceOrientationLandscapeLeft UIInterfaceOrientationLandscapeRight";
				LD_RUNPATH_SEARCH_PATHS = (
					"$(inherited)",
					"@executable_path/Frameworks",
				);
				MARKETING_VERSION = 1.0;
				PRODUCT_BUNDLE_IDENTIFIER = com.poddubotskiy.Feed;
				PRODUCT_NAME = "$(TARGET_NAME)";
				SWIFT_EMIT_LOC_STRINGS = YES;
				SWIFT_VERSION = 5.0;
				TARGETED_DEVICE_FAMILY = "1,2";
			};
			name = Release;
		};
/* End XCBuildConfiguration section */

/* Begin XCConfigurationList section */
		8B00CB6028C0D8D1003250E8 /* Build configuration list for PBXProject "Feed" */ = {
			isa = XCConfigurationList;
			buildConfigurations = (
				8B00CB7728C0D8D2003250E8 /* Debug */,
				8B00CB7828C0D8D2003250E8 /* Release */,
			);
			defaultConfigurationIsVisible = 0;
			defaultConfigurationName = Release;
		};
		8B00CB7928C0D8D2003250E8 /* Build configuration list for PBXNativeTarget "Feed" */ = {
			isa = XCConfigurationList;
			buildConfigurations = (
				8B00CB7A28C0D8D2003250E8 /* Debug */,
				8B00CB7B28C0D8D2003250E8 /* Release */,
			);
			defaultConfigurationIsVisible = 0;
			defaultConfigurationName = Release;
		};
/* End XCConfigurationList section */
	};
	rootObject = 8B00CB5D28C0D8D1003250E8 /* Project object */;
}
